
Microsoft Visual Studio Solution File, Format Version 12.00
# Visual Studio Version 16
VisualStudioVersion = 16.0.32002.261
MinimumVisualStudioVersion = 10.0.40219.1
Project("{FAE04EC0-301F-11D3-BF4B-00C04F79EFBC}") = "WebApplication1", "WebApplication1\WebApplication1.csproj", "{848687CB-13D8-48FE-A148-6413B99CD03F}"
EndProject
Global
	GlobalSection(SolutionConfigurationPlatforms) = preSolution
		Debug|Any CPU = Debug|Any CPU
		Release|Any CPU = Release|Any CPU
	EndGlobalSection
	GlobalSection(ProjectConfigurationPlatforms) = postSolution
		{848687CB-13D8-48FE-A148-6413B99CD03F}.Debug|Any CPU.ActiveCfg = Debug|Any CPU
		{848687CB-13D8-48FE-A148-6413B99CD03F}.Debug|Any CPU.Build.0 = Debug|Any CPU
		{848687CB-13D8-48FE-A148-6413B99CD03F}.Release|Any CPU.ActiveCfg = Release|Any CPU
		{848687CB-13D8-48FE-A148-6413B99CD03F}.Release|Any CPU.Build.0 = Release|Any CPU
	EndGlobalSection
	GlobalSection(SolutionProperties) = preSolution
		HideSolutionNode = FALSE
	EndGlobalSection
	GlobalSection(ExtensibilityGlobals) = postSolution
		SolutionGuid = {CB2F2446-166B-47C2-9B17-D9A84F618DBB}
	EndGlobalSection
EndGlobal
